// !$*UTF8*$!
{
	archiveVersion = 1;
	classes = {
	};
	objectVersion = 77;
	objects = {

/* Begin PBXBuildFile section */
		B6939CF72E813367001EA0D3 /* AlpenBlumenApp.swift in Sources */ = {isa = PBXBuildFile; fileRef = B6939CF22E813367001EA0D3 /* AlpenBlumenApp.swift */; };
		B6939CF82E813367001EA0D3 /* ContentView.swift in Sources */ = {isa = PBXBuildFile; fileRef = B6939CF42E813367001EA0D3 /* ContentView.swift */; };
		B6939CF92E813367001EA0D3 /* FlowerListView.swift in Sources */ = {isa = PBXBuildFile; fileRef = B6939CF52E813367001EA0D3 /* FlowerListView.swift */; };
		B6939CFA2E813367001EA0D3 /* Assets.xcassets in Resources */ = {isa = PBXBuildFile; fileRef = B6939CF32E813367001EA0D3 /* Assets.xcassets */; };
		B6939CFE2E8133BA001EA0D3 /* Flower.swift in Sources */ = {isa = PBXBuildFile; fileRef = B6939CFD2E8133B4001EA0D3 /* Flower.swift */; };
		B6939D002E81343A001EA0D3 /* FlowerDetailView.swift in Sources */ = {isa = PBXBuildFile; fileRef = B6939CFF2E813432001EA0D3 /* FlowerDetailView.swift */; };
		B6939D092E813FA3001EA0D3 /* FullScreenImageView.swift in Sources */ = {isa = PBXBuildFile; fileRef = B6939D082E813F9C001EA0D3 /* FullScreenImageView.swift */; };
		B6939D0C2E8140BF001EA0D3 /* Color+Extension.swift in Sources */ = {isa = PBXBuildFile; fileRef = B6939D0B2E8140AD001EA0D3 /* Color+Extension.swift */; };
		B6939D0E2E814127001EA0D3 /* SystematicRow.swift in Sources */ = {isa = PBXBuildFile; fileRef = B6939D0D2E81411F001EA0D3 /* SystematicRow.swift */; };
		B6939D102E817387001EA0D3 /* AlpenBlumen.json in Resources */ = {isa = PBXBuildFile; fileRef = B6939D0F2E81737D001EA0D3 /* AlpenBlumen.json */; };
		B6939D122E817CC9001EA0D3 /* LanguageSettings.swift in Sources */ = {isa = PBXBuildFile; fileRef = B6939D112E817CBE001EA0D3 /* LanguageSettings.swift */; };
		B6B229502EAD13820084C19A /* generate_alpen_blumen_data.py in Resources */ = {isa = PBXBuildFile; fileRef = B6B2294F2EAD13820084C19A /* generate_alpen_blumen_data.py */; };
		B6B229572EAD1FF80084C19A /* hartinger_images.py in Resources */ = {isa = PBXBuildFile; fileRef = B6B229562EAD1FF80084C19A /* hartinger_images.py */; };
		B6B229592EAD21100084C19A /* hartinger_download_images.py in Resources */ = {isa = PBXBuildFile; fileRef = B6B229582EAD21100084C19A /* hartinger_download_images.py */; };
		B6B2295D2EAD50410084C19A /* hartinger.json in Resources */ = {isa = PBXBuildFile; fileRef = B6B2295B2EAD50410084C19A /* hartinger.json */; };
		B6B229602EAD52510084C19A /* add_images_to_assets.py in Resources */ = {isa = PBXBuildFile; fileRef = B6B2295F2EAD52510084C19A /* add_images_to_assets.py */; };
/* End PBXBuildFile section */

/* Begin PBXFileReference section */
		B6939CE12E8130FC001EA0D3 /* AlpenBlumen.app */ = {isa = PBXFileReference; explicitFileType = wrapper.application; includeInIndex = 0; path = AlpenBlumen.app; sourceTree = BUILT_PRODUCTS_DIR; };
		B6939CF22E813367001EA0D3 /* AlpenBlumenApp.swift */ = {isa = PBXFileReference; lastKnownFileType = sourcecode.swift; path = AlpenBlumenApp.swift; sourceTree = "<group>"; };
		B6939CF32E813367001EA0D3 /* Assets.xcassets */ = {isa = PBXFileReference; lastKnownFileType = folder.assetcatalog; path = Assets.xcassets; sourceTree = "<group>"; };
		B6939CF42E813367001EA0D3 /* ContentView.swift */ = {isa = PBXFileReference; lastKnownFileType = sourcecode.swift; path = ContentView.swift; sourceTree = "<group>"; };
		B6939CF52E813367001EA0D3 /* FlowerListView.swift */ = {isa = PBXFileReference; lastKnownFileType = sourcecode.swift; path = FlowerListView.swift; sourceTree = "<group>"; };
		B6939CFD2E8133B4001EA0D3 /* Flower.swift */ = {isa = PBXFileReference; lastKnownFileType = sourcecode.swift; path = Flower.swift; sourceTree = "<group>"; };
		B6939CFF2E813432001EA0D3 /* FlowerDetailView.swift */ = {isa = PBXFileReference; lastKnownFileType = sourcecode.swift; path = FlowerDetailView.swift; sourceTree = "<group>"; };
		B6939D082E813F9C001EA0D3 /* FullScreenImageView.swift */ = {isa = PBXFileReference; lastKnownFileType = sourcecode.swift; path = FullScreenImageView.swift; sourceTree = "<group>"; };
		B6939D0B2E8140AD001EA0D3 /* Color+Extension.swift */ = {isa = PBXFileReference; lastKnownFileType = sourcecode.swift; path = "Color+Extension.swift"; sourceTree = "<group>"; };
		B6939D0D2E81411F001EA0D3 /* SystematicRow.swift */ = {isa = PBXFileReference; lastKnownFileType = sourcecode.swift; path = SystematicRow.swift; sourceTree = "<group>"; };
		B6939D0F2E81737D001EA0D3 /* AlpenBlumen.json */ = {isa = PBXFileReference; lastKnownFileType = text.json; path = AlpenBlumen.json; sourceTree = "<group>"; };
		B6939D112E817CBE001EA0D3 /* LanguageSettings.swift */ = {isa = PBXFileReference; lastKnownFileType = sourcecode.swift; path = LanguageSettings.swift; sourceTree = "<group>"; };
		B6B2294F2EAD13820084C19A /* generate_alpen_blumen_data.py */ = {isa = PBXFileReference; lastKnownFileType = text.script.python; path = generate_alpen_blumen_data.py; sourceTree = "<group>"; };
		B6B229562EAD1FF80084C19A /* hartinger_images.py */ = {isa = PBXFileReference; lastKnownFileType = text.script.python; path = hartinger_images.py; sourceTree = "<group>"; };
		B6B229582EAD21100084C19A /* hartinger_download_images.py */ = {isa = PBXFileReference; lastKnownFileType = text.script.python; path = hartinger_download_images.py; sourceTree = "<group>"; };
		B6B2295A2EAD50410084C19A /* AlpenBlumen.json */ = {isa = PBXFileReference; lastKnownFileType = text.json; path = AlpenBlumen.json; sourceTree = "<group>"; };
		B6B2295B2EAD50410084C19A /* hartinger.json */ = {isa = PBXFileReference; lastKnownFileType = text.json; path = hartinger.json; sourceTree = "<group>"; };
		B6B2295F2EAD52510084C19A /* add_images_to_assets.py */ = {isa = PBXFileReference; lastKnownFileType = text.script.python; path = add_images_to_assets.py; sourceTree = "<group>"; };
/* End PBXFileReference section */

/* Begin PBXFrameworksBuildPhase section */
		B6939CDE2E8130FC001EA0D3 /* Frameworks */ = {
			isa = PBXFrameworksBuildPhase;
			buildActionMask = 2147483647;
			files = (
			);
			runOnlyForDeploymentPostprocessing = 0;
		};
/* End PBXFrameworksBuildPhase section */

/* Begin PBXGroup section */
		B6939CD82E8130FC001EA0D3 = {
			isa = PBXGroup;
			children = (
				B6B229522EAD15D00084C19A /* scripts */,
				B6939CF62E813367001EA0D3 /* AlpenBlumen */,
				B6939CE22E8130FC001EA0D3 /* Products */,
			);
			sourceTree = "<group>";
		};
		B6939CE22E8130FC001EA0D3 /* Products */ = {
			isa = PBXGroup;
			children = (
				B6939CE12E8130FC001EA0D3 /* AlpenBlumen.app */,
			);
			name = Products;
			sourceTree = "<group>";
		};
		B6939CF62E813367001EA0D3 /* AlpenBlumen */ = {
			isa = PBXGroup;
			children = (
				B6939D0A2E8140A0001EA0D3 /* other */,
				B6939D012E8134D4001EA0D3 /* assets */,
				B6939CFC2E81339F001EA0D3 /* Model */,
				B6939CFB2E813377001EA0D3 /* Views */,
			);
			path = AlpenBlumen;
			sourceTree = "<group>";
		};
		B6939CFB2E813377001EA0D3 /* Views */ = {
			isa = PBXGroup;
			children = (
				B6939CF42E813367001EA0D3 /* ContentView.swift */,
				B6939D0D2E81411F001EA0D3 /* SystematicRow.swift */,
				B6939D082E813F9C001EA0D3 /* FullScreenImageView.swift */,
				B6939CFF2E813432001EA0D3 /* FlowerDetailView.swift */,
				B6939CF52E813367001EA0D3 /* FlowerListView.swift */,
			);
			path = Views;
			sourceTree = "<group>";
		};
		B6939CFC2E81339F001EA0D3 /* Model */ = {
			isa = PBXGroup;
			children = (
				B6939D112E817CBE001EA0D3 /* LanguageSettings.swift */,
				B6939CFD2E8133B4001EA0D3 /* Flower.swift */,
			);
			path = Model;
			sourceTree = "<group>";
		};
		B6939D012E8134D4001EA0D3 /* assets */ = {
			isa = PBXGroup;
			children = (
				B6939CF32E813367001EA0D3 /* Assets.xcassets */,
			);
			path = assets;
			sourceTree = "<group>";
		};
		B6939D0A2E8140A0001EA0D3 /* other */ = {
			isa = PBXGroup;
			children = (
				B6939D0F2E81737D001EA0D3 /* AlpenBlumen.json */,
				B6939D0B2E8140AD001EA0D3 /* Color+Extension.swift */,
				B6939CF22E813367001EA0D3 /* AlpenBlumenApp.swift */,
			);
			path = other;
			sourceTree = "<group>";
		};
		B6B229522EAD15D00084C19A /* scripts */ = {
			isa = PBXGroup;
			children = (
				B6B2295F2EAD52510084C19A /* add_images_to_assets.py */,
				B6B2295C2EAD50410084C19A /* data */,
				B6B229582EAD21100084C19A /* hartinger_download_images.py */,
				B6B229562EAD1FF80084C19A /* hartinger_images.py */,
				B6B2294F2EAD13820084C19A /* generate_alpen_blumen_data.py */,
			);
			path = scripts;
			sourceTree = "<group>";
		};
		B6B2295C2EAD50410084C19A /* data */ = {
			isa = PBXGroup;
			children = (
				B6B2295A2EAD50410084C19A /* AlpenBlumen.json */,
				B6B2295B2EAD50410084C19A /* hartinger.json */,
			);
			path = data;
			sourceTree = "<group>";
		};
/* End PBXGroup section */

/* Begin PBXNativeTarget section */
		B6939CE02E8130FC001EA0D3 /* AlpenBlumen */ = {
			isa = PBXNativeTarget;
			buildConfigurationList = B6939CEC2E8130FD001EA0D3 /* Build configuration list for PBXNativeTarget "AlpenBlumen" */;
			buildPhases = (
				B6939CDD2E8130FC001EA0D3 /* Sources */,
				B6939CDE2E8130FC001EA0D3 /* Frameworks */,
				B6939CDF2E8130FC001EA0D3 /* Resources */,
			);
			buildRules = (
			);
			dependencies = (
			);
			name = AlpenBlumen;
			packageProductDependencies = (
			);
			productName = AlpenBlumen;
			productReference = B6939CE12E8130FC001EA0D3 /* AlpenBlumen.app */;
			productType = "com.apple.product-type.application";
		};
/* End PBXNativeTarget section */

/* Begin PBXProject section */
		B6939CD92E8130FC001EA0D3 /* Project object */ = {
			isa = PBXProject;
			attributes = {
				BuildIndependentTargetsInParallel = 1;
				LastSwiftUpdateCheck = 1630;
				LastUpgradeCheck = 1630;
				TargetAttributes = {
					B6939CE02E8130FC001EA0D3 = {
						CreatedOnToolsVersion = 16.3;
					};
				};
			};
			buildConfigurationList = B6939CDC2E8130FC001EA0D3 /* Build configuration list for PBXProject "AlpenBlumen" */;
			developmentRegion = en;
			hasScannedForEncodings = 0;
			knownRegions = (
				en,
				Base,
			);
			mainGroup = B6939CD82E8130FC001EA0D3;
			minimizedProjectReferenceProxies = 1;
			preferredProjectObjectVersion = 77;
			productRefGroup = B6939CE22E8130FC001EA0D3 /* Products */;
			projectDirPath = "";
			projectRoot = "";
			targets = (
				B6939CE02E8130FC001EA0D3 /* AlpenBlumen */,
			);
		};
/* End PBXProject section */

/* Begin PBXResourcesBuildPhase section */
		B6939CDF2E8130FC001EA0D3 /* Resources */ = {
			isa = PBXResourcesBuildPhase;
			buildActionMask = 2147483647;
			files = (
				B6B229602EAD52510084C19A /* add_images_to_assets.py in Resources */,
				B6939D102E817387001EA0D3 /* AlpenBlumen.json in Resources */,
				B6B2295D2EAD50410084C19A /* hartinger.json in Resources */,
				B6939CFA2E813367001EA0D3 /* Assets.xcassets in Resources */,
				B6B229592EAD21100084C19A /* hartinger_download_images.py in Resources */,
				B6B229502EAD13820084C19A /* generate_alpen_blumen_data.py in Resources */,
				B6B229572EAD1FF80084C19A /* hartinger_images.py in Resources */,
			);
			runOnlyForDeploymentPostprocessing = 0;
		};
/* End PBXResourcesBuildPhase section */

/* Begin PBXSourcesBuildPhase section */
		B6939CDD2E8130FC001EA0D3 /* Sources */ = {
			isa = PBXSourcesBuildPhase;
			buildActionMask = 2147483647;
			files = (
				B6939CF72E813367001EA0D3 /* AlpenBlumenApp.swift in Sources */,
				B6939D0C2E8140BF001EA0D3 /* Color+Extension.swift in Sources */,
				B6939CF82E813367001EA0D3 /* ContentView.swift in Sources */,
				B6939D122E817CC9001EA0D3 /* LanguageSettings.swift in Sources */,
				B6939D002E81343A001EA0D3 /* FlowerDetailView.swift in Sources */,
				B6939D0E2E814127001EA0D3 /* SystematicRow.swift in Sources */,
				B6939D092E813FA3001EA0D3 /* FullScreenImageView.swift in Sources */,
				B6939CFE2E8133BA001EA0D3 /* Flower.swift in Sources */,
				B6939CF92E813367001EA0D3 /* FlowerListView.swift in Sources */,
			);
			runOnlyForDeploymentPostprocessing = 0;
		};
/* End PBXSourcesBuildPhase section */

/* Begin XCBuildConfiguration section */
		B6939CEA2E8130FD001EA0D3 /* Debug */ = {
			isa = XCBuildConfiguration;
			buildSettings = {
				ALWAYS_SEARCH_USER_PATHS = NO;
				ASSETCATALOG_COMPILER_GENERATE_SWIFT_ASSET_SYMBOL_EXTENSIONS = YES;
				CLANG_ANALYZER_NONNULL = YES;
				CLANG_ANALYZER_NUMBER_OBJECT_CONVERSION = YES_AGGRESSIVE;
				CLANG_CXX_LANGUAGE_STANDARD = "gnu++20";
				CLANG_ENABLE_MODULES = YES;
				CLANG_ENABLE_OBJC_ARC = YES;
				CLANG_ENABLE_OBJC_WEAK = YES;
				CLANG_WARN_BLOCK_CAPTURE_AUTORELEASING = YES;
				CLANG_WARN_BOOL_CONVERSION = YES;
				CLANG_WARN_COMMA = YES;
				CLANG_WARN_CONSTANT_CONVERSION = YES;
				CLANG_WARN_DEPRECATED_OBJC_IMPLEMENTATIONS = YES;
				CLANG_WARN_DIRECT_OBJC_ISA_USAGE = YES_ERROR;
				CLANG_WARN_DOCUMENTATION_COMMENTS = YES;
				CLANG_WARN_EMPTY_BODY = YES;
				CLANG_WARN_ENUM_CONVERSION = YES;
				CLANG_WARN_INFINITE_RECURSION = YES;
				CLANG_WARN_INT_CONVERSION = YES;
				CLANG_WARN_NON_LITERAL_NULL_CONVERSION = YES;
				CLANG_WARN_OBJC_IMPLICIT_RETAIN_SELF = YES;
				CLANG_WARN_OBJC_LITERAL_CONVERSION = YES;
				CLANG_WARN_OBJC_ROOT_CLASS = YES_ERROR;
				CLANG_WARN_QUOTED_INCLUDE_IN_FRAMEWORK_HEADER = YES;
				CLANG_WARN_RANGE_LOOP_ANALYSIS = YES;
				CLANG_WARN_STRICT_PROTOTYPES = YES;
				CLANG_WARN_SUSPICIOUS_MOVE = YES;
				CLANG_WARN_UNGUARDED_AVAILABILITY = YES_AGGRESSIVE;
				CLANG_WARN_UNREACHABLE_CODE = YES;
				CLANG_WARN__DUPLICATE_METHOD_MATCH = YES;
				COPY_PHASE_STRIP = NO;
				DEBUG_INFORMATION_FORMAT = dwarf;
				DEVELOPMENT_TEAM = Y7R5N52YDS;
				ENABLE_STRICT_OBJC_MSGSEND = YES;
				ENABLE_TESTABILITY = YES;
				ENABLE_USER_SCRIPT_SANDBOXING = YES;
				GCC_C_LANGUAGE_STANDARD = gnu17;
				GCC_DYNAMIC_NO_PIC = NO;
				GCC_NO_COMMON_BLOCKS = YES;
				GCC_OPTIMIZATION_LEVEL = 0;
				GCC_PREPROCESSOR_DEFINITIONS = (
					"DEBUG=1",
					"$(inherited)",
				);
				GCC_WARN_64_TO_32_BIT_CONVERSION = YES;
				GCC_WARN_ABOUT_RETURN_TYPE = YES_ERROR;
				GCC_WARN_UNDECLARED_SELECTOR = YES;
				GCC_WARN_UNINITIALIZED_AUTOS = YES_AGGRESSIVE;
				GCC_WARN_UNUSED_FUNCTION = YES;
				GCC_WARN_UNUSED_VARIABLE = YES;
				IPHONEOS_DEPLOYMENT_TARGET = 18.4;
				LOCALIZATION_PREFERS_STRING_CATALOGS = YES;
				MTL_ENABLE_DEBUG_INFO = INCLUDE_SOURCE;
				MTL_FAST_MATH = YES;
				ONLY_ACTIVE_ARCH = YES;
				SDKROOT = iphoneos;
				SWIFT_ACTIVE_COMPILATION_CONDITIONS = "DEBUG $(inherited)";
				SWIFT_OPTIMIZATION_LEVEL = "-Onone";
			};
			name = Debug;
		};
		B6939CEB2E8130FD001EA0D3 /* Release */ = {
			isa = XCBuildConfiguration;
			buildSettings = {
				ALWAYS_SEARCH_USER_PATHS = NO;
				ASSETCATALOG_COMPILER_GENERATE_SWIFT_ASSET_SYMBOL_EXTENSIONS = YES;
				CLANG_ANALYZER_NONNULL = YES;
				CLANG_ANALYZER_NUMBER_OBJECT_CONVERSION = YES_AGGRESSIVE;
				CLANG_CXX_LANGUAGE_STANDARD = "gnu++20";
				CLANG_ENABLE_MODULES = YES;
				CLANG_ENABLE_OBJC_ARC = YES;
				CLANG_ENABLE_OBJC_WEAK = YES;
				CLANG_WARN_BLOCK_CAPTURE_AUTORELEASING = YES;
				CLANG_WARN_BOOL_CONVERSION = YES;
				CLANG_WARN_COMMA = YES;
				CLANG_WARN_CONSTANT_CONVERSION = YES;
				CLANG_WARN_DEPRECATED_OBJC_IMPLEMENTATIONS = YES;
				CLANG_WARN_DIRECT_OBJC_ISA_USAGE = YES_ERROR;
				CLANG_WARN_DOCUMENTATION_COMMENTS = YES;
				CLANG_WARN_EMPTY_BODY = YES;
				CLANG_WARN_ENUM_CONVERSION = YES;
				CLANG_WARN_INFINITE_RECURSION = YES;
				CLANG_WARN_INT_CONVERSION = YES;
				CLANG_WARN_NON_LITERAL_NULL_CONVERSION = YES;
				CLANG_WARN_OBJC_IMPLICIT_RETAIN_SELF = YES;
				CLANG_WARN_OBJC_LITERAL_CONVERSION = YES;
				CLANG_WARN_OBJC_ROOT_CLASS = YES_ERROR;
				CLANG_WARN_QUOTED_INCLUDE_IN_FRAMEWORK_HEADER = YES;
				CLANG_WARN_RANGE_LOOP_ANALYSIS = YES;
				CLANG_WARN_STRICT_PROTOTYPES = YES;
				CLANG_WARN_SUSPICIOUS_MOVE = YES;
				CLANG_WARN_UNGUARDED_AVAILABILITY = YES_AGGRESSIVE;
				CLANG_WARN_UNREACHABLE_CODE = YES;
				CLANG_WARN__DUPLICATE_METHOD_MATCH = YES;
				COPY_PHASE_STRIP = NO;
				DEBUG_INFORMATION_FORMAT = "dwarf-with-dsym";
				DEVELOPMENT_TEAM = Y7R5N52YDS;
				ENABLE_NS_ASSERTIONS = NO;
				ENABLE_STRICT_OBJC_MSGSEND = YES;
				ENABLE_USER_SCRIPT_SANDBOXING = YES;
				GCC_C_LANGUAGE_STANDARD = gnu17;
				GCC_NO_COMMON_BLOCKS = YES;
				GCC_WARN_64_TO_32_BIT_CONVERSION = YES;
				GCC_WARN_ABOUT_RETURN_TYPE = YES_ERROR;
				GCC_WARN_UNDECLARED_SELECTOR = YES;
				GCC_WARN_UNINITIALIZED_AUTOS = YES_AGGRESSIVE;
				GCC_WARN_UNUSED_FUNCTION = YES;
				GCC_WARN_UNUSED_VARIABLE = YES;
				IPHONEOS_DEPLOYMENT_TARGET = 18.4;
				LOCALIZATION_PREFERS_STRING_CATALOGS = YES;
				MTL_ENABLE_DEBUG_INFO = NO;
				MTL_FAST_MATH = YES;
				SDKROOT = iphoneos;
				SWIFT_COMPILATION_MODE = wholemodule;
				VALIDATE_PRODUCT = YES;
			};
			name = Release;
		};
		B6939CED2E8130FD001EA0D3 /* Debug */ = {
			isa = XCBuildConfiguration;
			buildSettings = {
				ASSETCATALOG_COMPILER_APPICON_NAME = AppIcon;
				ASSETCATALOG_COMPILER_GLOBAL_ACCENT_COLOR_NAME = AccentColor;
				CODE_SIGN_STYLE = Automatic;
				CURRENT_PROJECT_VERSION = 1;
				DEVELOPMENT_TEAM = Y7R5N52YDS;
				ENABLE_PREVIEWS = YES;
				GENERATE_INFOPLIST_FILE = YES;
				INFOPLIST_KEY_UIApplicationSceneManifest_Generation = YES;
				INFOPLIST_KEY_UIApplicationSupportsIndirectInputEvents = YES;
				INFOPLIST_KEY_UILaunchScreen_Generation = YES;
				INFOPLIST_KEY_UISupportedInterfaceOrientations_iPad = "UIInterfaceOrientationPortrait UIInterfaceOrientationPortraitUpsideDown UIInterfaceOrientationLandscapeLeft UIInterfaceOrientationLandscapeRight";
				INFOPLIST_KEY_UISupportedInterfaceOrientations_iPhone = "UIInterfaceOrientationPortrait UIInterfaceOrientationLandscapeLeft UIInterfaceOrientationLandscapeRight";
				LD_RUNPATH_SEARCH_PATHS = (
					"$(inherited)",
					"@executable_path/Frameworks",
				);
				MARKETING_VERSION = 1.0;
				PRODUCT_BUNDLE_IDENTIFIER = com.swisscom.sandbox.AlpenBlumen;
				PRODUCT_NAME = "$(TARGET_NAME)";
				SWIFT_EMIT_LOC_STRINGS = YES;
				SWIFT_VERSION = 5.0;
				TARGETED_DEVICE_FAMILY = "1,2";
			};
			name = Debug;
		};
		B6939CEE2E8130FD001EA0D3 /* Release */ = {
			isa = XCBuildConfiguration;
			buildSettings = {
				ASSETCATALOG_COMPILER_APPICON_NAME = AppIcon;
				ASSETCATALOG_COMPILER_GLOBAL_ACCENT_COLOR_NAME = AccentColor;
				CODE_SIGN_STYLE = Automatic;
				CURRENT_PROJECT_VERSION = 1;
				DEVELOPMENT_TEAM = Y7R5N52YDS;
				ENABLE_PREVIEWS = YES;
				GENERATE_INFOPLIST_FILE = YES;
				INFOPLIST_KEY_UIApplicationSceneManifest_Generation = YES;
				INFOPLIST_KEY_UIApplicationSupportsIndirectInputEvents = YES;
				INFOPLIST_KEY_UILaunchScreen_Generation = YES;
				INFOPLIST_KEY_UISupportedInterfaceOrientations_iPad = "UIInterfaceOrientationPortrait UIInterfaceOrientationPortraitUpsideDown UIInterfaceOrientationLandscapeLeft UIInterfaceOrientationLandscapeRight";
				INFOPLIST_KEY_UISupportedInterfaceOrientations_iPhone = "UIInterfaceOrientationPortrait UIInterfaceOrientationLandscapeLeft UIInterfaceOrientationLandscapeRight";
				LD_RUNPATH_SEARCH_PATHS = (
					"$(inherited)",
					"@executable_path/Frameworks",
				);
				MARKETING_VERSION = 1.0;
				PRODUCT_BUNDLE_IDENTIFIER = com.swisscom.sandbox.AlpenBlumen;
				PRODUCT_NAME = "$(TARGET_NAME)";
				SWIFT_EMIT_LOC_STRINGS = YES;
				SWIFT_VERSION = 5.0;
				TARGETED_DEVICE_FAMILY = "1,2";
			};
			name = Release;
		};
/* End XCBuildConfiguration section */

/* Begin XCConfigurationList section */
		B6939CDC2E8130FC001EA0D3 /* Build configuration list for PBXProject "AlpenBlumen" */ = {
			isa = XCConfigurationList;
			buildConfigurations = (
				B6939CEA2E8130FD001EA0D3 /* Debug */,
				B6939CEB2E8130FD001EA0D3 /* Release */,
			);
			defaultConfigurationIsVisible = 0;
			defaultConfigurationName = Release;
		};
		B6939CEC2E8130FD001EA0D3 /* Build configuration list for PBXNativeTarget "AlpenBlumen" */ = {
			isa = XCConfigurationList;
			buildConfigurations = (
				B6939CED2E8130FD001EA0D3 /* Debug */,
				B6939CEE2E8130FD001EA0D3 /* Release */,
			);
			defaultConfigurationIsVisible = 0;
			defaultConfigurationName = Release;
		};
/* End XCConfigurationList section */
	};
	rootObject = B6939CD92E8130FC001EA0D3 /* Project object */;
}
